
Microsoft Visual Studio Solution File, Format Version 12.00
# Visual Studio Version 16
VisualStudioVersion = 16.0.30523.141
MinimumVisualStudioVersion = 10.0.40219.1
Project("{FAE04EC0-301F-11D3-BF4B-00C04F79EFBC}") = "Default constructor", "Default constructor.csproj", "{07B15ADC-7DDC-4D1B-B429-73B00E1F918C}"
EndProject
Global
	GlobalSection(SolutionConfigurationPlatforms) = preSolution
		Debug|Any CPU = Debug|Any CPU
		Release|Any CPU = Release|Any CPU
	EndGlobalSection
	GlobalSection(ProjectConfigurationPlatforms) = postSolution
		{07B15ADC-7DDC-4D1B-B429-73B00E1F918C}.Debug|Any CPU.ActiveCfg = Debug|Any CPU
		{07B15ADC-7DDC-4D1B-B429-73B00E1F918C}.Debug|Any CPU.Build.0 = Debug|Any CPU
		{07B15ADC-7DDC-4D1B-B429-73B00E1F918C}.Release|Any CPU.ActiveCfg = Release|Any CPU
		{07B15ADC-7DDC-4D1B-B429-73B00E1F918C}.Release|Any CPU.Build.0 = Release|Any CPU
	EndGlobalSection
	GlobalSection(SolutionProperties) = preSolution
		HideSolutionNode = FALSE
	EndGlobalSection
	GlobalSection(ExtensibilityGlobals) = postSolution
		SolutionGuid = {00A2BDEC-BA38-4739-8AD5-37A5F2EA3C6E}
	EndGlobalSection
EndGlobal
